
Microsoft Visual Studio Solution File, Format Version 12.00
# Visual Studio Version 17
VisualStudioVersion = 17.9.34622.214
MinimumVisualStudioVersion = 10.0.40219.1
Project("{9A19103F-16F7-4668-BE54-9A1E7A4F7556}") = "BulkyWeb", "BulkyWeb\BulkyWeb.csproj", "{56B6C2B7-8FF5-4BA3-9925-74D60854B645}"
EndProject
Project("{9A19103F-16F7-4668-BE54-9A1E7A4F7556}") = "BulkyWebRazor_Temp", "BulkyWebRazor_Temp\BulkyWebRazor_Temp.csproj", "{613E396D-4E54-43E4-92F8-7CD475D0876D}"
EndProject
Global
	GlobalSection(SolutionConfigurationPlatforms) = preSolution
		Debug|Any CPU = Debug|Any CPU
		Release|Any CPU = Release|Any CPU
	EndGlobalSection
	GlobalSection(ProjectConfigurationPlatforms) = postSolution
		{56B6C2B7-8FF5-4BA3-9925-74D60854B645}.Debug|Any CPU.ActiveCfg = Debug|Any CPU
		{56B6C2B7-8FF5-4BA3-9925-74D60854B645}.Debug|Any CPU.Build.0 = Debug|Any CPU
		{56B6C2B7-8FF5-4BA3-9925-74D60854B645}.Release|Any CPU.ActiveCfg = Release|Any CPU
		{56B6C2B7-8FF5-4BA3-9925-74D60854B645}.Release|Any CPU.Build.0 = Release|Any CPU
		{613E396D-4E54-43E4-92F8-7CD475D0876D}.Debug|Any CPU.ActiveCfg = Debug|Any CPU
		{613E396D-4E54-43E4-92F8-7CD475D0876D}.Debug|Any CPU.Build.0 = Debug|Any CPU
		{613E396D-4E54-43E4-92F8-7CD475D0876D}.Release|Any CPU.ActiveCfg = Release|Any CPU
		{613E396D-4E54-43E4-92F8-7CD475D0876D}.Release|Any CPU.Build.0 = Release|Any CPU
	EndGlobalSection
	GlobalSection(SolutionProperties) = preSolution
		HideSolutionNode = FALSE
	EndGlobalSection
	GlobalSection(ExtensibilityGlobals) = postSolution
		SolutionGuid = {5654E666-08CB-4C83-A5EE-8C996E5EC439}
	EndGlobalSection
EndGlobal
